// !$*UTF8*$!
{
	archiveVersion = 1;
	classes = {
	};
	objectVersion = 46;
	objects = {

/* Begin PBXBuildFile section */
		2ACB32141E26126E000A7F69 /* main.m in Sources */ = {isa = PBXBuildFile; fileRef = 2ACB32131E26126E000A7F69 /* main.m */; };
		2ACB32171E26126E000A7F69 /* AppDelegate.m in Sources */ = {isa = PBXBuildFile; fileRef = 2ACB32161E26126E000A7F69 /* AppDelegate.m */; };
		2ACB321A1E26126E000A7F69 /* ViewController.m in Sources */ = {isa = PBXBuildFile; fileRef = 2ACB32191E26126E000A7F69 /* ViewController.m */; };
		2ACB321D1E26126E000A7F69 /* Main.storyboard in Resources */ = {isa = PBXBuildFile; fileRef = 2ACB321B1E26126E000A7F69 /* Main.storyboard */; };
		2ACB321F1E26126E000A7F69 /* Assets.xcassets in Resources */ = {isa = PBXBuildFile; fileRef = 2ACB321E1E26126E000A7F69 /* Assets.xcassets */; };
		2ACB32221E26126E000A7F69 /* LaunchScreen.storyboard in Resources */ = {isa = PBXBuildFile; fileRef = 2ACB32201E26126E000A7F69 /* LaunchScreen.storyboard */; };
		2ACB322D1E26126E000A7F69 /* YXCycleViewTests.m in Sources */ = {isa = PBXBuildFile; fileRef = 2ACB322C1E26126E000A7F69 /* YXCycleViewTests.m */; };
		2ACB32381E26126E000A7F69 /* YXCycleViewUITests.m in Sources */ = {isa = PBXBuildFile; fileRef = 2ACB32371E26126E000A7F69 /* YXCycleViewUITests.m */; };
		2ACB32471E2612A4000A7F69 /* CycleView.m in Sources */ = {isa = PBXBuildFile; fileRef = 2ACB32461E2612A4000A7F69 /* CycleView.m */; };
		2ACB32691E263465000A7F69 /* 1.png in Resources */ = {isa = PBXBuildFile; fileRef = 2ACB32661E263465000A7F69 /* 1.png */; };
		2ACB326A1E263465000A7F69 /* 2.png in Resources */ = {isa = PBXBuildFile; fileRef = 2ACB32671E263465000A7F69 /* 2.png */; };
		2ACB32811E263B6A000A7F69 /* 3.png in Resources */ = {isa = PBXBuildFile; fileRef = 2ACB327C1E263B6A000A7F69 /* 3.png */; };
		2ACB32821E263B6A000A7F69 /* 4.png in Resources */ = {isa = PBXBuildFile; fileRef = 2ACB327D1E263B6A000A7F69 /* 4.png */; };
		2ACB32831E263B6A000A7F69 /* 5.png in Resources */ = {isa = PBXBuildFile; fileRef = 2ACB327E1E263B6A000A7F69 /* 5.png */; };
		2ACB32841E263B6A000A7F69 /* 6.png in Resources */ = {isa = PBXBuildFile; fileRef = 2ACB327F1E263B6A000A7F69 /* 6.png */; };
		2ACB32851E263B6A000A7F69 /* 7.png in Resources */ = {isa = PBXBuildFile; fileRef = 2ACB32801E263B6A000A7F69 /* 7.png */; };
/* End PBXBuildFile section */

/* Begin PBXContainerItemProxy section */
		2ACB32291E26126E000A7F69 /* PBXContainerItemProxy */ = {
			isa = PBXContainerItemProxy;
			containerPortal = 2ACB32071E26126D000A7F69 /* Project object */;
			proxyType = 1;
			remoteGlobalIDString = 2ACB320E1E26126D000A7F69;
			remoteInfo = YXCycleView;
		};
		2ACB32341E26126E000A7F69 /* PBXContainerItemProxy */ = {
			isa = PBXContainerItemProxy;
			containerPortal = 2ACB32071E26126D000A7F69 /* Project object */;
			proxyType = 1;
			remoteGlobalIDString = 2ACB320E1E26126D000A7F69;
			remoteInfo = YXCycleView;
		};
/* End PBXContainerItemProxy section */

/* Begin PBXFileReference section */
		2ACB320F1E26126E000A7F69 /* YXCycleView.app */ = {isa = PBXFileReference; explicitFileType = wrapper.application; includeInIndex = 0; path = YXCycleView.app; sourceTree = BUILT_PRODUCTS_DIR; };
		2ACB32131E26126E000A7F69 /* main.m */ = {isa = PBXFileReference; lastKnownFileType = sourcecode.c.objc; path = main.m; sourceTree = "<group>"; };
		2ACB32151E26126E000A7F69 /* AppDelegate.h */ = {isa = PBXFileReference; lastKnownFileType = sourcecode.c.h; path = AppDelegate.h; sourceTree = "<group>"; };
		2ACB32161E26126E000A7F69 /* AppDelegate.m */ = {isa = PBXFileReference; lastKnownFileType = sourcecode.c.objc; path = AppDelegate.m; sourceTree = "<group>"; };
		2ACB32181E26126E000A7F69 /* ViewController.h */ = {isa = PBXFileReference; lastKnownFileType = sourcecode.c.h; path = ViewController.h; sourceTree = "<group>"; };
		2ACB32191E26126E000A7F69 /* ViewController.m */ = {isa = PBXFileReference; lastKnownFileType = sourcecode.c.objc; path = ViewController.m; sourceTree = "<group>"; };
		2ACB321C1E26126E000A7F69 /* Base */ = {isa = PBXFileReference; lastKnownFileType = file.storyboard; name = Base; path = Base.lproj/Main.storyboard; sourceTree = "<group>"; };
		2ACB321E1E26126E000A7F69 /* Assets.xcassets */ = {isa = PBXFileReference; lastKnownFileType = folder.assetcatalog; path = Assets.xcassets; sourceTree = "<group>"; };
		2ACB32211E26126E000A7F69 /* Base */ = {isa = PBXFileReference; lastKnownFileType = file.storyboard; name = Base; path = Base.lproj/LaunchScreen.storyboard; sourceTree = "<group>"; };
		2ACB32231E26126E000A7F69 /* Info.plist */ = {isa = PBXFileReference; lastKnownFileType = text.plist.xml; path = Info.plist; sourceTree = "<group>"; };
		2ACB32281E26126E000A7F69 /* YXCycleViewTests.xctest */ = {isa = PBXFileReference; explicitFileType = wrapper.cfbundle; includeInIndex = 0; path = YXCycleViewTests.xctest; sourceTree = BUILT_PRODUCTS_DIR; };
		2ACB322C1E26126E000A7F69 /* YXCycleViewTests.m */ = {isa = PBXFileReference; lastKnownFileType = sourcecode.c.objc; path = YXCycleViewTests.m; sourceTree = "<group>"; };
		2ACB322E1E26126E000A7F69 /* Info.plist */ = {isa = PBXFileReference; lastKnownFileType = text.plist.xml; path = Info.plist; sourceTree = "<group>"; };
		2ACB32331E26126E000A7F69 /* YXCycleViewUITests.xctest */ = {isa = PBXFileReference; explicitFileType = wrapper.cfbundle; includeInIndex = 0; path = YXCycleViewUITests.xctest; sourceTree = BUILT_PRODUCTS_DIR; };
		2ACB32371E26126E000A7F69 /* YXCycleViewUITests.m */ = {isa = PBXFileReference; lastKnownFileType = sourcecode.c.objc; path = YXCycleViewUITests.m; sourceTree = "<group>"; };
		2ACB32391E26126E000A7F69 /* Info.plist */ = {isa = PBXFileReference; lastKnownFileType = text.plist.xml; path = Info.plist; sourceTree = "<group>"; };
		2ACB32451E2612A4000A7F69 /* CycleView.h */ = {isa = PBXFileReference; fileEncoding = 4; lastKnownFileType = sourcecode.c.h; path = CycleView.h; sourceTree = "<group>"; };
		2ACB32461E2612A4000A7F69 /* CycleView.m */ = {isa = PBXFileReference; fileEncoding = 4; lastKnownFileType = sourcecode.c.objc; path = CycleView.m; sourceTree = "<group>"; };
		2ACB32661E263465000A7F69 /* 1.png */ = {isa = PBXFileReference; lastKnownFileType = image.png; path = 1.png; sourceTree = "<group>"; };
		2ACB32671E263465000A7F69 /* 2.png */ = {isa = PBXFileReference; lastKnownFileType = image.png; path = 2.png; sourceTree = "<group>"; };
		2ACB327C1E263B6A000A7F69 /* 3.png */ = {isa = PBXFileReference; lastKnownFileType = image.png; path = 3.png; sourceTree = "<group>"; };
		2ACB327D1E263B6A000A7F69 /* 4.png */ = {isa = PBXFileReference; lastKnownFileType = image.png; path = 4.png; sourceTree = "<group>"; };
		2ACB327E1E263B6A000A7F69 /* 5.png */ = {isa = PBXFileReference; lastKnownFileType = image.png; path = 5.png; sourceTree = "<group>"; };
		2ACB327F1E263B6A000A7F69 /* 6.png */ = {isa = PBXFileReference; lastKnownFileType = image.png; path = 6.png; sourceTree = "<group>"; };
		2ACB32801E263B6A000A7F69 /* 7.png */ = {isa = PBXFileReference; lastKnownFileType = image.png; path = 7.png; sourceTree = "<group>"; };
/* End PBXFileReference section */

/* Begin PBXFrameworksBuildPhase section */
		2ACB320C1E26126D000A7F69 /* Frameworks */ = {
			isa = PBXFrameworksBuildPhase;
			buildActionMask = 2147483647;
			files = (
			);
			runOnlyForDeploymentPostprocessing = 0;
		};
		2ACB32251E26126E000A7F69 /* Frameworks */ = {
			isa = PBXFrameworksBuildPhase;
			buildActionMask = 2147483647;
			files = (
			);
			runOnlyForDeploymentPostprocessing = 0;
		};
		2ACB32301E26126E000A7F69 /* Frameworks */ = {
			isa = PBXFrameworksBuildPhase;
			buildActionMask = 2147483647;
			files = (
			);
			runOnlyForDeploymentPostprocessing = 0;
		};
/* End PBXFrameworksBuildPhase section */

/* Begin PBXGroup section */
		2ACB32061E26126D000A7F69 = {
			isa = PBXGroup;
			children = (
				2ACB32111E26126E000A7F69 /* YXCycleView */,
				2ACB322B1E26126E000A7F69 /* YXCycleViewTests */,
				2ACB32361E26126E000A7F69 /* YXCycleViewUITests */,
				2ACB32101E26126E000A7F69 /* Products */,
			);
			sourceTree = "<group>";
		};
		2ACB32101E26126E000A7F69 /* Products */ = {
			isa = PBXGroup;
			children = (
				2ACB320F1E26126E000A7F69 /* YXCycleView.app */,
				2ACB32281E26126E000A7F69 /* YXCycleViewTests.xctest */,
				2ACB32331E26126E000A7F69 /* YXCycleViewUITests.xctest */,
			);
			name = Products;
			sourceTree = "<group>";
		};
		2ACB32111E26126E000A7F69 /* YXCycleView */ = {
			isa = PBXGroup;
			children = (
				2ACB32571E2630D0000A7F69 /* image */,
				2ACB32151E26126E000A7F69 /* AppDelegate.h */,
				2ACB32161E26126E000A7F69 /* AppDelegate.m */,
				2ACB32181E26126E000A7F69 /* ViewController.h */,
				2ACB32191E26126E000A7F69 /* ViewController.m */,
				2ACB32451E2612A4000A7F69 /* CycleView.h */,
				2ACB32461E2612A4000A7F69 /* CycleView.m */,
				2ACB321B1E26126E000A7F69 /* Main.storyboard */,
				2ACB321E1E26126E000A7F69 /* Assets.xcassets */,
				2ACB32201E26126E000A7F69 /* LaunchScreen.storyboard */,
				2ACB32231E26126E000A7F69 /* Info.plist */,
				2ACB32121E26126E000A7F69 /* Supporting Files */,
			);
			path = YXCycleView;
			sourceTree = "<group>";
		};
		2ACB32121E26126E000A7F69 /* Supporting Files */ = {
			isa = PBXGroup;
			children = (
				2ACB32131E26126E000A7F69 /* main.m */,
			);
			name = "Supporting Files";
			sourceTree = "<group>";
		};
		2ACB322B1E26126E000A7F69 /* YXCycleViewTests */ = {
			isa = PBXGroup;
			children = (
				2ACB322C1E26126E000A7F69 /* YXCycleViewTests.m */,
				2ACB322E1E26126E000A7F69 /* Info.plist */,
			);
			path = YXCycleViewTests;
			sourceTree = "<group>";
		};
		2ACB32361E26126E000A7F69 /* YXCycleViewUITests */ = {
			isa = PBXGroup;
			children = (
				2ACB32371E26126E000A7F69 /* YXCycleViewUITests.m */,
				2ACB32391E26126E000A7F69 /* Info.plist */,
			);
			path = YXCycleViewUITests;
			sourceTree = "<group>";
		};
		2ACB32571E2630D0000A7F69 /* image */ = {
			isa = PBXGroup;
			children = (
				2ACB327C1E263B6A000A7F69 /* 3.png */,
				2ACB327D1E263B6A000A7F69 /* 4.png */,
				2ACB327E1E263B6A000A7F69 /* 5.png */,
				2ACB327F1E263B6A000A7F69 /* 6.png */,
				2ACB32801E263B6A000A7F69 /* 7.png */,
				2ACB32661E263465000A7F69 /* 1.png */,
				2ACB32671E263465000A7F69 /* 2.png */,
			);
			path = image;
			sourceTree = "<group>";
		};
/* End PBXGroup section */

/* Begin PBXNativeTarget section */
		2ACB320E1E26126D000A7F69 /* YXCycleView */ = {
			isa = PBXNativeTarget;
			buildConfigurationList = 2ACB323C1E26126E000A7F69 /* Build configuration list for PBXNativeTarget "YXCycleView" */;
			buildPhases = (
				2ACB320B1E26126D000A7F69 /* Sources */,
				2ACB320C1E26126D000A7F69 /* Frameworks */,
				2ACB320D1E26126D000A7F69 /* Resources */,
			);
			buildRules = (
			);
			dependencies = (
			);
			name = YXCycleView;
			productName = YXCycleView;
			productReference = 2ACB320F1E26126E000A7F69 /* YXCycleView.app */;
			productType = "com.apple.product-type.application";
		};
		2ACB32271E26126E000A7F69 /* YXCycleViewTests */ = {
			isa = PBXNativeTarget;
			buildConfigurationList = 2ACB323F1E26126E000A7F69 /* Build configuration list for PBXNativeTarget "YXCycleViewTests" */;
			buildPhases = (
				2ACB32241E26126E000A7F69 /* Sources */,
				2ACB32251E26126E000A7F69 /* Frameworks */,
				2ACB32261E26126E000A7F69 /* Resources */,
			);
			buildRules = (
			);
			dependencies = (
				2ACB322A1E26126E000A7F69 /* PBXTargetDependency */,
			);
			name = YXCycleViewTests;
			productName = YXCycleViewTests;
			productReference = 2ACB32281E26126E000A7F69 /* YXCycleViewTests.xctest */;
			productType = "com.apple.product-type.bundle.unit-test";
		};
		2ACB32321E26126E000A7F69 /* YXCycleViewUITests */ = {
			isa = PBXNativeTarget;
			buildConfigurationList = 2ACB32421E26126E000A7F69 /* Build configuration list for PBXNativeTarget "YXCycleViewUITests" */;
			buildPhases = (
				2ACB322F1E26126E000A7F69 /* Sources */,
				2ACB32301E26126E000A7F69 /* Frameworks */,
				2ACB32311E26126E000A7F69 /* Resources */,
			);
			buildRules = (
			);
			dependencies = (
				2ACB32351E26126E000A7F69 /* PBXTargetDependency */,
			);
			name = YXCycleViewUITests;
			productName = YXCycleViewUITests;
			productReference = 2ACB32331E26126E000A7F69 /* YXCycleViewUITests.xctest */;
			productType = "com.apple.product-type.bundle.ui-testing";
		};
/* End PBXNativeTarget section */

/* Begin PBXProject section */
		2ACB32071E26126D000A7F69 /* Project object */ = {
			isa = PBXProject;
			attributes = {
				LastUpgradeCheck = 0820;
				ORGANIZATIONNAME = "高砚祥";
				TargetAttributes = {
					2ACB320E1E26126D000A7F69 = {
						CreatedOnToolsVersion = 8.2.1;
						DevelopmentTeam = CEY3Q9D359;
						ProvisioningStyle = Automatic;
					};
					2ACB32271E26126E000A7F69 = {
						CreatedOnToolsVersion = 8.2.1;
						DevelopmentTeam = CEY3Q9D359;
						ProvisioningStyle = Automatic;
						TestTargetID = 2ACB320E1E26126D000A7F69;
					};
					2ACB32321E26126E000A7F69 = {
						CreatedOnToolsVersion = 8.2.1;
						DevelopmentTeam = CEY3Q9D359;
						ProvisioningStyle = Automatic;
						TestTargetID = 2ACB320E1E26126D000A7F69;
					};
				};
			};
			buildConfigurationList = 2ACB320A1E26126D000A7F69 /* Build configuration list for PBXProject "YXCycleView" */;
			compatibilityVersion = "Xcode 3.2";
			developmentRegion = English;
			hasScannedForEncodings = 0;
			knownRegions = (
				en,
				Base,
			);
			mainGroup = 2ACB32061E26126D000A7F69;
			productRefGroup = 2ACB32101E26126E000A7F69 /* Products */;
			projectDirPath = "";
			projectRoot = "";
			targets = (
				2ACB320E1E26126D000A7F69 /* YXCycleView */,
				2ACB32271E26126E000A7F69 /* YXCycleViewTests */,
				2ACB32321E26126E000A7F69 /* YXCycleViewUITests */,
			);
		};
/* End PBXProject section */

/* Begin PBXResourcesBuildPhase section */
		2ACB320D1E26126D000A7F69 /* Resources */ = {
			isa = PBXResourcesBuildPhase;
			buildActionMask = 2147483647;
			files = (
				2ACB32221E26126E000A7F69 /* LaunchScreen.storyboard in Resources */,
				2ACB32821E263B6A000A7F69 /* 4.png in Resources */,
				2ACB32691E263465000A7F69 /* 1.png in Resources */,
				2ACB32841E263B6A000A7F69 /* 6.png in Resources */,
				2ACB326A1E263465000A7F69 /* 2.png in Resources */,
				2ACB32811E263B6A000A7F69 /* 3.png in Resources */,
				2ACB32831E263B6A000A7F69 /* 5.png in Resources */,
				2ACB32851E263B6A000A7F69 /* 7.png in Resources */,
				2ACB321F1E26126E000A7F69 /* Assets.xcassets in Resources */,
				2ACB321D1E26126E000A7F69 /* Main.storyboard in Resources */,
			);
			runOnlyForDeploymentPostprocessing = 0;
		};
		2ACB32261E26126E000A7F69 /* Resources */ = {
			isa = PBXResourcesBuildPhase;
			buildActionMask = 2147483647;
			files = (
			);
			runOnlyForDeploymentPostprocessing = 0;
		};
		2ACB32311E26126E000A7F69 /* Resources */ = {
			isa = PBXResourcesBuildPhase;
			buildActionMask = 2147483647;
			files = (
			);
			runOnlyForDeploymentPostprocessing = 0;
		};
/* End PBXResourcesBuildPhase section */

/* Begin PBXSourcesBuildPhase section */
		2ACB320B1E26126D000A7F69 /* Sources */ = {
			isa = PBXSourcesBuildPhase;
			buildActionMask = 2147483647;
			files = (
				2ACB321A1E26126E000A7F69 /* ViewController.m in Sources */,
				2ACB32471E2612A4000A7F69 /* CycleView.m in Sources */,
				2ACB32171E26126E000A7F69 /* AppDelegate.m in Sources */,
				2ACB32141E26126E000A7F69 /* main.m in Sources */,
			);
			runOnlyForDeploymentPostprocessing = 0;
		};
		2ACB32241E26126E000A7F69 /* Sources */ = {
			isa = PBXSourcesBuildPhase;
			buildActionMask = 2147483647;
			files = (
				2ACB322D1E26126E000A7F69 /* YXCycleViewTests.m in Sources */,
			);
			runOnlyForDeploymentPostprocessing = 0;
		};
		2ACB322F1E26126E000A7F69 /* Sources */ = {
			isa = PBXSourcesBuildPhase;
			buildActionMask = 2147483647;
			files = (
				2ACB32381E26126E000A7F69 /* YXCycleViewUITests.m in Sources */,
			);
			runOnlyForDeploymentPostprocessing = 0;
		};
/* End PBXSourcesBuildPhase section */

/* Begin PBXTargetDependency section */
		2ACB322A1E26126E000A7F69 /* PBXTargetDependency */ = {
			isa = PBXTargetDependency;
			target = 2ACB320E1E26126D000A7F69 /* YXCycleView */;
			targetProxy = 2ACB32291E26126E000A7F69 /* PBXContainerItemProxy */;
		};
		2ACB32351E26126E000A7F69 /* PBXTargetDependency */ = {
			isa = PBXTargetDependency;
			target = 2ACB320E1E26126D000A7F69 /* YXCycleView */;
			targetProxy = 2ACB32341E26126E000A7F69 /* PBXContainerItemProxy */;
		};
/* End PBXTargetDependency section */

/* Begin PBXVariantGroup section */
		2ACB321B1E26126E000A7F69 /* Main.storyboard */ = {
			isa = PBXVariantGroup;
			children = (
				2ACB321C1E26126E000A7F69 /* Base */,
			);
			name = Main.storyboard;
			sourceTree = "<group>";
		};
		2ACB32201E26126E000A7F69 /* LaunchScreen.storyboard */ = {
			isa = PBXVariantGroup;
			children = (
				2ACB32211E26126E000A7F69 /* Base */,
			);
			name = LaunchScreen.storyboard;
			sourceTree = "<group>";
		};
/* End PBXVariantGroup section */

/* Begin XCBuildConfiguration section */
		2ACB323A1E26126E000A7F69 /* Debug */ = {
			isa = XCBuildConfiguration;
			buildSettings = {
				ALWAYS_SEARCH_USER_PATHS = NO;
				CLANG_ANALYZER_NONNULL = YES;
				CLANG_CXX_LANGUAGE_STANDARD = "gnu++0x";
				CLANG_CXX_LIBRARY = "libc++";
				CLANG_ENABLE_MODULES = YES;
				CLANG_ENABLE_OBJC_ARC = YES;
				CLANG_WARN_BOOL_CONVERSION = YES;
				CLANG_WARN_CONSTANT_CONVERSION = YES;
				CLANG_WARN_DIRECT_OBJC_ISA_USAGE = YES_ERROR;
				CLANG_WARN_DOCUMENTATION_COMMENTS = YES;
				CLANG_WARN_EMPTY_BODY = YES;
				CLANG_WARN_ENUM_CONVERSION = YES;
				CLANG_WARN_INFINITE_RECURSION = YES;
				CLANG_WARN_INT_CONVERSION = YES;
				CLANG_WARN_OBJC_ROOT_CLASS = YES_ERROR;
				CLANG_WARN_SUSPICIOUS_MOVE = YES;
				CLANG_WARN_UNREACHABLE_CODE = YES;
				CLANG_WARN__DUPLICATE_METHOD_MATCH = YES;
				"CODE_SIGN_IDENTITY[sdk=iphoneos*]" = "iPhone Developer";
				COPY_PHASE_STRIP = NO;
				DEBUG_INFORMATION_FORMAT = dwarf;
				ENABLE_STRICT_OBJC_MSGSEND = YES;
				ENABLE_TESTABILITY = YES;
				GCC_C_LANGUAGE_STANDARD = gnu99;
				GCC_DYNAMIC_NO_PIC = NO;
				GCC_NO_COMMON_BLOCKS = YES;
				GCC_OPTIMIZATION_LEVEL = 0;
				GCC_PREPROCESSOR_DEFINITIONS = (
					"DEBUG=1",
					"$(inherited)",
				);
				GCC_WARN_64_TO_32_BIT_CONVERSION = YES;
				GCC_WARN_ABOUT_RETURN_TYPE = YES_ERROR;
				GCC_WARN_UNDECLARED_SELECTOR = YES;
				GCC_WARN_UNINITIALIZED_AUTOS = YES_AGGRESSIVE;
				GCC_WARN_UNUSED_FUNCTION = YES;
				GCC_WARN_UNUSED_VARIABLE = YES;
				IPHONEOS_DEPLOYMENT_TARGET = 10.2;
				MTL_ENABLE_DEBUG_INFO = YES;
				ONLY_ACTIVE_ARCH = YES;
				SDKROOT = iphoneos;
				TARGETED_DEVICE_FAMILY = "1,2";
			};
			name = Debug;
		};
		2ACB323B1E26126E000A7F69 /* Release */ = {
			isa = XCBuildConfiguration;
			buildSettings = {
				ALWAYS_SEARCH_USER_PATHS = NO;
				CLANG_ANALYZER_NONNULL = YES;
				CLANG_CXX_LANGUAGE_STANDARD = "gnu++0x";
				CLANG_CXX_LIBRARY = "libc++";
				CLANG_ENABLE_MODULES = YES;
				CLANG_ENABLE_OBJC_ARC = YES;
				CLANG_WARN_BOOL_CONVERSION = YES;
				CLANG_WARN_CONSTANT_CONVERSION = YES;
				CLANG_WARN_DIRECT_OBJC_ISA_USAGE = YES_ERROR;
				CLANG_WARN_DOCUMENTATION_COMMENTS = YES;
				CLANG_WARN_EMPTY_BODY = YES;
				CLANG_WARN_ENUM_CONVERSION = YES;
				CLANG_WARN_INFINITE_RECURSION = YES;
				CLANG_WARN_INT_CONVERSION = YES;
				CLANG_WARN_OBJC_ROOT_CLASS = YES_ERROR;
				CLANG_WARN_SUSPICIOUS_MOVE = YES;
				CLANG_WARN_UNREACHABLE_CODE = YES;
				CLANG_WARN__DUPLICATE_METHOD_MATCH = YES;
				"CODE_SIGN_IDENTITY[sdk=iphoneos*]" = "iPhone Developer";
				COPY_PHASE_STRIP = NO;
				DEBUG_INFORMATION_FORMAT = "dwarf-with-dsym";
				ENABLE_NS_ASSERTIONS = NO;
				ENABLE_STRICT_OBJC_MSGSEND = YES;
				GCC_C_LANGUAGE_STANDARD = gnu99;
				GCC_NO_COMMON_BLOCKS = YES;
				GCC_WARN_64_TO_32_BIT_CONVERSION = YES;
				GCC_WARN_ABOUT_RETURN_TYPE = YES_ERROR;
				GCC_WARN_UNDECLARED_SELECTOR = YES;
				GCC_WARN_UNINITIALIZED_AUTOS = YES_AGGRESSIVE;
				GCC_WARN_UNUSED_FUNCTION = YES;
				GCC_WARN_UNUSED_VARIABLE = YES;
				IPHONEOS_DEPLOYMENT_TARGET = 10.2;
				MTL_ENABLE_DEBUG_INFO = NO;
				SDKROOT = iphoneos;
				TARGETED_DEVICE_FAMILY = "1,2";
				VALIDATE_PRODUCT = YES;
			};
			name = Release;
		};
		2ACB323D1E26126E000A7F69 /* Debug */ = {
			isa = XCBuildConfiguration;
			buildSettings = {
				ASSETCATALOG_COMPILER_APPICON_NAME = AppIcon;
				DEVELOPMENT_TEAM = CEY3Q9D359;
				INFOPLIST_FILE = YXCycleView/Info.plist;
				LD_RUNPATH_SEARCH_PATHS = "$(inherited) @executable_path/Frameworks";
				PRODUCT_BUNDLE_IDENTIFIER = com.lenwave.YXCycleView;
				PRODUCT_NAME = "$(TARGET_NAME)";
			};
			name = Debug;
		};
		2ACB323E1E26126E000A7F69 /* Release */ = {
			isa = XCBuildConfiguration;
			buildSettings = {
				ASSETCATALOG_COMPILER_APPICON_NAME = AppIcon;
				DEVELOPMENT_TEAM = CEY3Q9D359;
				INFOPLIST_FILE = YXCycleView/Info.plist;
				LD_RUNPATH_SEARCH_PATHS = "$(inherited) @executable_path/Frameworks";
				PRODUCT_BUNDLE_IDENTIFIER = com.lenwave.YXCycleView;
				PRODUCT_NAME = "$(TARGET_NAME)";
			};
			name = Release;
		};
		2ACB32401E26126E000A7F69 /* Debug */ = {
			isa = XCBuildConfiguration;
			buildSettings = {
				BUNDLE_LOADER = "$(TEST_HOST)";
				DEVELOPMENT_TEAM = CEY3Q9D359;
				INFOPLIST_FILE = YXCycleViewTests/Info.plist;
				LD_RUNPATH_SEARCH_PATHS = "$(inherited) @executable_path/Frameworks @loader_path/Frameworks";
				PRODUCT_BUNDLE_IDENTIFIER = com.lenwave.YXCycleViewTests;
				PRODUCT_NAME = "$(TARGET_NAME)";
				TEST_HOST = "$(BUILT_PRODUCTS_DIR)/YXCycleView.app/YXCycleView";
			};
			name = Debug;
		};
		2ACB32411E26126E000A7F69 /* Release */ = {
			isa = XCBuildConfiguration;
			buildSettings = {
				BUNDLE_LOADER = "$(TEST_HOST)";
				DEVELOPMENT_TEAM = CEY3Q9D359;
				INFOPLIST_FILE = YXCycleViewTests/Info.plist;
				LD_RUNPATH_SEARCH_PATHS = "$(inherited) @executable_path/Frameworks @loader_path/Frameworks";
				PRODUCT_BUNDLE_IDENTIFIER = com.lenwave.YXCycleViewTests;
				PRODUCT_NAME = "$(TARGET_NAME)";
				TEST_HOST = "$(BUILT_PRODUCTS_DIR)/YXCycleView.app/YXCycleView";
			};
			name = Release;
		};
		2ACB32431E26126E000A7F69 /* Debug */ = {
			isa = XCBuildConfiguration;
			buildSettings = {
				DEVELOPMENT_TEAM = CEY3Q9D359;
				INFOPLIST_FILE = YXCycleViewUITests/Info.plist;
				LD_RUNPATH_SEARCH_PATHS = "$(inherited) @executable_path/Frameworks @loader_path/Frameworks";
				PRODUCT_BUNDLE_IDENTIFIER = com.lenwave.YXCycleViewUITests;
				PRODUCT_NAME = "$(TARGET_NAME)";
				TEST_TARGET_NAME = YXCycleView;
			};
			name = Debug;
		};
		2ACB32441E26126E000A7F69 /* Release */ = {
			isa = XCBuildConfiguration;
			buildSettings = {
				DEVELOPMENT_TEAM = CEY3Q9D359;
				INFOPLIST_FILE = YXCycleViewUITests/Info.plist;
				LD_RUNPATH_SEARCH_PATHS = "$(inherited) @executable_path/Frameworks @loader_path/Frameworks";
				PRODUCT_BUNDLE_IDENTIFIER = com.lenwave.YXCycleViewUITests;
				PRODUCT_NAME = "$(TARGET_NAME)";
				TEST_TARGET_NAME = YXCycleView;
			};
			name = Release;
		};
/* End XCBuildConfiguration section */

/* Begin XCConfigurationList section */
		2ACB320A1E26126D000A7F69 /* Build configuration list for PBXProject "YXCycleView" */ = {
			isa = XCConfigurationList;
			buildConfigurations = (
				2ACB323A1E26126E000A7F69 /* Debug */,
				2ACB323B1E26126E000A7F69 /* Release */,
			);
			defaultConfigurationIsVisible = 0;
			defaultConfigurationName = Release;
		};
		2ACB323C1E26126E000A7F69 /* Build configuration list for PBXNativeTarget "YXCycleView" */ = {
			isa = XCConfigurationList;
			buildConfigurations = (
				2ACB323D1E26126E000A7F69 /* Debug */,
				2ACB323E1E26126E000A7F69 /* Release */,
			);
			defaultConfigurationIsVisible = 0;
		};
		2ACB323F1E26126E000A7F69 /* Build configuration list for PBXNativeTarget "YXCycleViewTests" */ = {
			isa = XCConfigurationList;
			buildConfigurations = (
				2ACB32401E26126E000A7F69 /* Debug */,
				2ACB32411E26126E000A7F69 /* Release */,
			);
			defaultConfigurationIsVisible = 0;
		};
		2ACB32421E26126E000A7F69 /* Build configuration list for PBXNativeTarget "YXCycleViewUITests" */ = {
			isa = XCConfigurationList;
			buildConfigurations = (
				2ACB32431E26126E000A7F69 /* Debug */,
				2ACB32441E26126E000A7F69 /* Release */,
			);
			defaultConfigurationIsVisible = 0;
		};
/* End XCConfigurationList section */
	};
	rootObject = 2ACB32071E26126D000A7F69 /* Project object */;
}
